
Microsoft Visual Studio Solution File, Format Version 12.00
# Visual Studio 14
VisualStudioVersion = 14.0.23107.0
MinimumVisualStudioVersion = 10.0.40219.1
Project("{2150E333-8FDC-42A3-9474-1A3956D46DE8}") = "src", "src", "{A0AD4C2F-6617-46F9-B5BA-4AD3D22529F1}"
EndProject
Project("{2150E333-8FDC-42A3-9474-1A3956D46DE8}") = "Solution Items", "Solution Items", "{0168878D-9998-4375-A1AB-68E452FD8A19}"
	ProjectSection(SolutionItems) = preProject
		global.json = global.json
		NuGet.Config = NuGet.Config
	EndProjectSection
EndProject
Project("{8BB2217D-0F2D-49D1-97BC-3654ED321F3B}") = "PhoneSpotter", "src\PhoneSpotter\PhoneSpotter.xproj", "{147AFF36-ECC9-4390-A708-470613927B55}"
EndProject
Global
	GlobalSection(SolutionConfigurationPlatforms) = preSolution
		Debug|Any CPU = Debug|Any CPU
		Release|Any CPU = Release|Any CPU
	EndGlobalSection
	GlobalSection(ProjectConfigurationPlatforms) = postSolution
		{147AFF36-ECC9-4390-A708-470613927B55}.Debug|Any CPU.ActiveCfg = Debug|Any CPU
		{147AFF36-ECC9-4390-A708-470613927B55}.Debug|Any CPU.Build.0 = Debug|Any CPU
		{147AFF36-ECC9-4390-A708-470613927B55}.Release|Any CPU.ActiveCfg = Release|Any CPU
		{147AFF36-ECC9-4390-A708-470613927B55}.Release|Any CPU.Build.0 = Release|Any CPU
	EndGlobalSection
	GlobalSection(SolutionProperties) = preSolution
		HideSolutionNode = FALSE
	EndGlobalSection
	GlobalSection(NestedProjects) = preSolution
		{147AFF36-ECC9-4390-A708-470613927B55} = {A0AD4C2F-6617-46F9-B5BA-4AD3D22529F1}
	EndGlobalSection
EndGlobal
